
Microsoft Visual Studio Solution File, Format Version 12.00
# Visual Studio Version 17
VisualStudioVersion = 17.8.34408.163
MinimumVisualStudioVersion = 10.0.40219.1
Project("{FAE04EC0-301F-11D3-BF4B-00C04F79EFBC}") = "WinTetris", "WinTetris.csproj", "{B6211BD2-E0C7-411A-A633-62F12E65C1D8}"
EndProject
Global
	GlobalSection(SolutionConfigurationPlatforms) = preSolution
		Debug|Any CPU = Debug|Any CPU
		Release|Any CPU = Release|Any CPU
	EndGlobalSection
	GlobalSection(ProjectConfigurationPlatforms) = postSolution
		{B6211BD2-E0C7-411A-A633-62F12E65C1D8}.Debug|Any CPU.ActiveCfg = Debug|Any CPU
		{B6211BD2-E0C7-411A-A633-62F12E65C1D8}.Debug|Any CPU.Build.0 = Debug|Any CPU
		{B6211BD2-E0C7-411A-A633-62F12E65C1D8}.Release|Any CPU.ActiveCfg = Release|Any CPU
		{B6211BD2-E0C7-411A-A633-62F12E65C1D8}.Release|Any CPU.Build.0 = Release|Any CPU
	EndGlobalSection
	GlobalSection(SolutionProperties) = preSolution
		HideSolutionNode = FALSE
	EndGlobalSection
	GlobalSection(ExtensibilityGlobals) = postSolution
		SolutionGuid = {585AE2FF-5E6E-4BD2-9EDC-547BE1E0EA19}
	EndGlobalSection
EndGlobal
